// !$*UTF8*$!
{
	archiveVersion = 1;
	classes = {
	};
	objectVersion = 56;
	objects = {

/* Begin PBXBuildFile section */
		600BC9DD2B330B2000370AA5 /* icon.png in Resources */ = {isa = PBXBuildFile; fileRef = 600BC9DC2B330B2000370AA5 /* icon.png */; };
		604FE4E32B16106900D44615 /* RegtangleSliderView.swift in Sources */ = {isa = PBXBuildFile; fileRef = 604FE4E22B16106900D44615 /* RegtangleSliderView.swift */; };
		605698D12B01310D0072FD74 /* mineApp.swift in Sources */ = {isa = PBXBuildFile; fileRef = 605698D02B01310D0072FD74 /* mineApp.swift */; };
		605698D32B01310D0072FD74 /* ContentView.swift in Sources */ = {isa = PBXBuildFile; fileRef = 605698D22B01310D0072FD74 /* ContentView.swift */; };
		605698D52B01310E0072FD74 /* Assets.xcassets in Resources */ = {isa = PBXBuildFile; fileRef = 605698D42B01310E0072FD74 /* Assets.xcassets */; };
		605698D82B01310E0072FD74 /* Preview Assets.xcassets in Resources */ = {isa = PBXBuildFile; fileRef = 605698D72B01310E0072FD74 /* Preview Assets.xcassets */; };
		605698E22B01310E0072FD74 /* mineTests.swift in Sources */ = {isa = PBXBuildFile; fileRef = 605698E12B01310E0072FD74 /* mineTests.swift */; };
		605698EC2B01310E0072FD74 /* mineUITests.swift in Sources */ = {isa = PBXBuildFile; fileRef = 605698EB2B01310E0072FD74 /* mineUITests.swift */; };
		605698EE2B01310E0072FD74 /* mineUITestsLaunchTests.swift in Sources */ = {isa = PBXBuildFile; fileRef = 605698ED2B01310E0072FD74 /* mineUITestsLaunchTests.swift */; };
		6084F5C32B3331BC00868801 /* Records.swift in Sources */ = {isa = PBXBuildFile; fileRef = 6084F5C22B3331BC00868801 /* Records.swift */; };
		6084F5C52B3333E100868801 /* RecordView.swift in Sources */ = {isa = PBXBuildFile; fileRef = 6084F5C42B3333E100868801 /* RecordView.swift */; };
		6084F5C72B33399600868801 /* UserSettingView.swift in Sources */ = {isa = PBXBuildFile; fileRef = 6084F5C62B33399600868801 /* UserSettingView.swift */; };
		60BA56432B131DC500B477E4 /* MapView.swift in Sources */ = {isa = PBXBuildFile; fileRef = 60BA56422B131DC500B477E4 /* MapView.swift */; };
		60BA56452B131F9E00B477E4 /* GameInfo.swift in Sources */ = {isa = PBXBuildFile; fileRef = 60BA56442B131F9E00B477E4 /* GameInfo.swift */; };
		60BA56492B1327AC00B477E4 /* CellView.swift in Sources */ = {isa = PBXBuildFile; fileRef = 60BA56482B1327AC00B477E4 /* CellView.swift */; };
		60BA564B2B1328FA00B477E4 /* StartView.swift in Sources */ = {isa = PBXBuildFile; fileRef = 60BA564A2B1328FA00B477E4 /* StartView.swift */; };
		60BA564D2B132BAF00B477E4 /* ActionBarView.swift in Sources */ = {isa = PBXBuildFile; fileRef = 60BA564C2B132BAF00B477E4 /* ActionBarView.swift */; };
		60BA564F2B132BD700B477E4 /* SettingView.swift in Sources */ = {isa = PBXBuildFile; fileRef = 60BA564E2B132BD700B477E4 /* SettingView.swift */; };
		60BA56512B132BF500B477E4 /* GameView.swift in Sources */ = {isa = PBXBuildFile; fileRef = 60BA56502B132BF500B477E4 /* GameView.swift */; };
		60BA56532B132C0800B477E4 /* EventView.swift in Sources */ = {isa = PBXBuildFile; fileRef = 60BA56522B132C0800B477E4 /* EventView.swift */; };
		60BA56552B13431900B477E4 /* MapSettingView.swift in Sources */ = {isa = PBXBuildFile; fileRef = 60BA56542B13431900B477E4 /* MapSettingView.swift */; };
		60BA56572B13622D00B477E4 /* PlayerSettingView.swift in Sources */ = {isa = PBXBuildFile; fileRef = 60BA56562B13622D00B477E4 /* PlayerSettingView.swift */; };
		60BA56592B1364D000B477E4 /* ViewSettingView.swift in Sources */ = {isa = PBXBuildFile; fileRef = 60BA56582B1364D000B477E4 /* ViewSettingView.swift */; };
		60BA56672B13810200B477E4 /* Luminari.ttf in Resources */ = {isa = PBXBuildFile; fileRef = 60BA56662B13810200B477E4 /* Luminari.ttf */; };
		60BA56682B13810200B477E4 /* Luminari.ttf in Resources */ = {isa = PBXBuildFile; fileRef = 60BA56662B13810200B477E4 /* Luminari.ttf */; };
		60BA56692B13810200B477E4 /* Luminari.ttf in Resources */ = {isa = PBXBuildFile; fileRef = 60BA56662B13810200B477E4 /* Luminari.ttf */; };
		60EADE002B32C64000425D35 /* NewSpaceView.swift in Sources */ = {isa = PBXBuildFile; fileRef = 60EADDFF2B32C64000425D35 /* NewSpaceView.swift */; };
		60F42B092B1758B4000C0C71 /* MyBackButton.swift in Sources */ = {isa = PBXBuildFile; fileRef = 60F42B082B1758B4000C0C71 /* MyBackButton.swift */; };
		60F42B0B2B175FE8000C0C71 /* HelpView.swift in Sources */ = {isa = PBXBuildFile; fileRef = 60F42B0A2B175FE8000C0C71 /* HelpView.swift */; };
/* End PBXBuildFile section */

/* Begin PBXContainerItemProxy section */
		605698DE2B01310E0072FD74 /* PBXContainerItemProxy */ = {
			isa = PBXContainerItemProxy;
			containerPortal = 605698C52B01310D0072FD74 /* Project object */;
			proxyType = 1;
			remoteGlobalIDString = 605698CC2B01310D0072FD74;
			remoteInfo = mine;
		};
		605698E82B01310E0072FD74 /* PBXContainerItemProxy */ = {
			isa = PBXContainerItemProxy;
			containerPortal = 605698C52B01310D0072FD74 /* Project object */;
			proxyType = 1;
			remoteGlobalIDString = 605698CC2B01310D0072FD74;
			remoteInfo = mine;
		};
/* End PBXContainerItemProxy section */

/* Begin PBXFileReference section */
		600BC9DC2B330B2000370AA5 /* icon.png */ = {isa = PBXFileReference; lastKnownFileType = image.png; path = icon.png; sourceTree = "<group>"; };
		604FE4E22B16106900D44615 /* RegtangleSliderView.swift */ = {isa = PBXFileReference; lastKnownFileType = sourcecode.swift; path = RegtangleSliderView.swift; sourceTree = "<group>"; };
		605698CD2B01310D0072FD74 /* mine.app */ = {isa = PBXFileReference; explicitFileType = wrapper.application; includeInIndex = 0; path = mine.app; sourceTree = BUILT_PRODUCTS_DIR; };
		605698D02B01310D0072FD74 /* mineApp.swift */ = {isa = PBXFileReference; lastKnownFileType = sourcecode.swift; path = mineApp.swift; sourceTree = "<group>"; };
		605698D22B01310D0072FD74 /* ContentView.swift */ = {isa = PBXFileReference; lastKnownFileType = sourcecode.swift; path = ContentView.swift; sourceTree = "<group>"; };
		605698D42B01310E0072FD74 /* Assets.xcassets */ = {isa = PBXFileReference; lastKnownFileType = folder.assetcatalog; path = Assets.xcassets; sourceTree = "<group>"; };
		605698D72B01310E0072FD74 /* Preview Assets.xcassets */ = {isa = PBXFileReference; lastKnownFileType = folder.assetcatalog; path = "Preview Assets.xcassets"; sourceTree = "<group>"; };
		605698DD2B01310E0072FD74 /* mineTests.xctest */ = {isa = PBXFileReference; explicitFileType = wrapper.cfbundle; includeInIndex = 0; path = mineTests.xctest; sourceTree = BUILT_PRODUCTS_DIR; };
		605698E12B01310E0072FD74 /* mineTests.swift */ = {isa = PBXFileReference; lastKnownFileType = sourcecode.swift; path = mineTests.swift; sourceTree = "<group>"; };
		605698E72B01310E0072FD74 /* mineUITests.xctest */ = {isa = PBXFileReference; explicitFileType = wrapper.cfbundle; includeInIndex = 0; path = mineUITests.xctest; sourceTree = BUILT_PRODUCTS_DIR; };
		605698EB2B01310E0072FD74 /* mineUITests.swift */ = {isa = PBXFileReference; lastKnownFileType = sourcecode.swift; path = mineUITests.swift; sourceTree = "<group>"; };
		605698ED2B01310E0072FD74 /* mineUITestsLaunchTests.swift */ = {isa = PBXFileReference; lastKnownFileType = sourcecode.swift; path = mineUITestsLaunchTests.swift; sourceTree = "<group>"; };
		6084F5C22B3331BC00868801 /* Records.swift */ = {isa = PBXFileReference; lastKnownFileType = sourcecode.swift; path = Records.swift; sourceTree = "<group>"; };
		6084F5C42B3333E100868801 /* RecordView.swift */ = {isa = PBXFileReference; lastKnownFileType = sourcecode.swift; path = RecordView.swift; sourceTree = "<group>"; };
		6084F5C62B33399600868801 /* UserSettingView.swift */ = {isa = PBXFileReference; lastKnownFileType = sourcecode.swift; path = UserSettingView.swift; sourceTree = "<group>"; };
		60BA56422B131DC500B477E4 /* MapView.swift */ = {isa = PBXFileReference; lastKnownFileType = sourcecode.swift; path = MapView.swift; sourceTree = "<group>"; };
		60BA56442B131F9E00B477E4 /* GameInfo.swift */ = {isa = PBXFileReference; lastKnownFileType = sourcecode.swift; path = GameInfo.swift; sourceTree = "<group>"; };
		60BA56482B1327AC00B477E4 /* CellView.swift */ = {isa = PBXFileReference; lastKnownFileType = sourcecode.swift; path = CellView.swift; sourceTree = "<group>"; };
		60BA564A2B1328FA00B477E4 /* StartView.swift */ = {isa = PBXFileReference; lastKnownFileType = sourcecode.swift; path = StartView.swift; sourceTree = "<group>"; };
		60BA564C2B132BAF00B477E4 /* ActionBarView.swift */ = {isa = PBXFileReference; lastKnownFileType = sourcecode.swift; path = ActionBarView.swift; sourceTree = "<group>"; };
		60BA564E2B132BD700B477E4 /* SettingView.swift */ = {isa = PBXFileReference; lastKnownFileType = sourcecode.swift; path = SettingView.swift; sourceTree = "<group>"; };
		60BA56502B132BF500B477E4 /* GameView.swift */ = {isa = PBXFileReference; lastKnownFileType = sourcecode.swift; path = GameView.swift; sourceTree = "<group>"; };
		60BA56522B132C0800B477E4 /* EventView.swift */ = {isa = PBXFileReference; lastKnownFileType = sourcecode.swift; path = EventView.swift; sourceTree = "<group>"; };
		60BA56542B13431900B477E4 /* MapSettingView.swift */ = {isa = PBXFileReference; lastKnownFileType = sourcecode.swift; path = MapSettingView.swift; sourceTree = "<group>"; };
		60BA56562B13622D00B477E4 /* PlayerSettingView.swift */ = {isa = PBXFileReference; lastKnownFileType = sourcecode.swift; path = PlayerSettingView.swift; sourceTree = "<group>"; };
		60BA56582B1364D000B477E4 /* ViewSettingView.swift */ = {isa = PBXFileReference; lastKnownFileType = sourcecode.swift; path = ViewSettingView.swift; sourceTree = "<group>"; };
		60BA56652B137F5800B477E4 /* Info.plist */ = {isa = PBXFileReference; lastKnownFileType = text.plist; path = Info.plist; sourceTree = "<group>"; };
		60BA56662B13810200B477E4 /* Luminari.ttf */ = {isa = PBXFileReference; lastKnownFileType = file; path = Luminari.ttf; sourceTree = "<group>"; };
		60EADDFF2B32C64000425D35 /* NewSpaceView.swift */ = {isa = PBXFileReference; lastKnownFileType = sourcecode.swift; path = NewSpaceView.swift; sourceTree = "<group>"; };
		60F42B082B1758B4000C0C71 /* MyBackButton.swift */ = {isa = PBXFileReference; lastKnownFileType = sourcecode.swift; path = MyBackButton.swift; sourceTree = "<group>"; };
		60F42B0A2B175FE8000C0C71 /* HelpView.swift */ = {isa = PBXFileReference; lastKnownFileType = sourcecode.swift; path = HelpView.swift; sourceTree = "<group>"; };
/* End PBXFileReference section */

/* Begin PBXFrameworksBuildPhase section */
		605698CA2B01310D0072FD74 /* Frameworks */ = {
			isa = PBXFrameworksBuildPhase;
			buildActionMask = 2147483647;
			files = (
			);
			runOnlyForDeploymentPostprocessing = 0;
		};
		605698DA2B01310E0072FD74 /* Frameworks */ = {
			isa = PBXFrameworksBuildPhase;
			buildActionMask = 2147483647;
			files = (
			);
			runOnlyForDeploymentPostprocessing = 0;
		};
		605698E42B01310E0072FD74 /* Frameworks */ = {
			isa = PBXFrameworksBuildPhase;
			buildActionMask = 2147483647;
			files = (
			);
			runOnlyForDeploymentPostprocessing = 0;
		};
/* End PBXFrameworksBuildPhase section */

/* Begin PBXGroup section */
		605698C42B01310D0072FD74 = {
			isa = PBXGroup;
			children = (
				605698CF2B01310D0072FD74 /* mine */,
				605698E02B01310E0072FD74 /* mineTests */,
				605698EA2B01310E0072FD74 /* mineUITests */,
				605698CE2B01310D0072FD74 /* Products */,
			);
			sourceTree = "<group>";
		};
		605698CE2B01310D0072FD74 /* Products */ = {
			isa = PBXGroup;
			children = (
				605698CD2B01310D0072FD74 /* mine.app */,
				605698DD2B01310E0072FD74 /* mineTests.xctest */,
				605698E72B01310E0072FD74 /* mineUITests.xctest */,
			);
			name = Products;
			sourceTree = "<group>";
		};
		605698CF2B01310D0072FD74 /* mine */ = {
			isa = PBXGroup;
			children = (
				60BA56652B137F5800B477E4 /* Info.plist */,
				600BC9DC2B330B2000370AA5 /* icon.png */,
				60BA56662B13810200B477E4 /* Luminari.ttf */,
				605698D02B01310D0072FD74 /* mineApp.swift */,
				60BA56442B131F9E00B477E4 /* GameInfo.swift */,
				6084F5C22B3331BC00868801 /* Records.swift */,
				605698D22B01310D0072FD74 /* ContentView.swift */,
				6084F5C62B33399600868801 /* UserSettingView.swift */,
				6084F5C42B3333E100868801 /* RecordView.swift */,
				60BA564A2B1328FA00B477E4 /* StartView.swift */,
				60BA56502B132BF500B477E4 /* GameView.swift */,
				60BA56422B131DC500B477E4 /* MapView.swift */,
				60BA56482B1327AC00B477E4 /* CellView.swift */,
				60BA56522B132C0800B477E4 /* EventView.swift */,
				60EADDFF2B32C64000425D35 /* NewSpaceView.swift */,
				60BA564C2B132BAF00B477E4 /* ActionBarView.swift */,
				60BA564E2B132BD700B477E4 /* SettingView.swift */,
				60BA56542B13431900B477E4 /* MapSettingView.swift */,
				60BA56562B13622D00B477E4 /* PlayerSettingView.swift */,
				60BA56582B1364D000B477E4 /* ViewSettingView.swift */,
				60F42B0A2B175FE8000C0C71 /* HelpView.swift */,
				604FE4E22B16106900D44615 /* RegtangleSliderView.swift */,
				60F42B082B1758B4000C0C71 /* MyBackButton.swift */,
				605698D42B01310E0072FD74 /* Assets.xcassets */,
				605698D62B01310E0072FD74 /* Preview Content */,
			);
			path = mine;
			sourceTree = "<group>";
		};
		605698D62B01310E0072FD74 /* Preview Content */ = {
			isa = PBXGroup;
			children = (
				605698D72B01310E0072FD74 /* Preview Assets.xcassets */,
			);
			path = "Preview Content";
			sourceTree = "<group>";
		};
		605698E02B01310E0072FD74 /* mineTests */ = {
			isa = PBXGroup;
			children = (
				605698E12B01310E0072FD74 /* mineTests.swift */,
			);
			path = mineTests;
			sourceTree = "<group>";
		};
		605698EA2B01310E0072FD74 /* mineUITests */ = {
			isa = PBXGroup;
			children = (
				605698EB2B01310E0072FD74 /* mineUITests.swift */,
				605698ED2B01310E0072FD74 /* mineUITestsLaunchTests.swift */,
			);
			path = mineUITests;
			sourceTree = "<group>";
		};
/* End PBXGroup section */

/* Begin PBXNativeTarget section */
		605698CC2B01310D0072FD74 /* mine */ = {
			isa = PBXNativeTarget;
			buildConfigurationList = 605698F12B01310E0072FD74 /* Build configuration list for PBXNativeTarget "mine" */;
			buildPhases = (
				605698C92B01310D0072FD74 /* Sources */,
				605698CA2B01310D0072FD74 /* Frameworks */,
				605698CB2B01310D0072FD74 /* Resources */,
			);
			buildRules = (
			);
			dependencies = (
			);
			name = mine;
			productName = mine;
			productReference = 605698CD2B01310D0072FD74 /* mine.app */;
			productType = "com.apple.product-type.application";
		};
		605698DC2B01310E0072FD74 /* mineTests */ = {
			isa = PBXNativeTarget;
			buildConfigurationList = 605698F42B01310E0072FD74 /* Build configuration list for PBXNativeTarget "mineTests" */;
			buildPhases = (
				605698D92B01310E0072FD74 /* Sources */,
				605698DA2B01310E0072FD74 /* Frameworks */,
				605698DB2B01310E0072FD74 /* Resources */,
			);
			buildRules = (
			);
			dependencies = (
				605698DF2B01310E0072FD74 /* PBXTargetDependency */,
			);
			name = mineTests;
			productName = mineTests;
			productReference = 605698DD2B01310E0072FD74 /* mineTests.xctest */;
			productType = "com.apple.product-type.bundle.unit-test";
		};
		605698E62B01310E0072FD74 /* mineUITests */ = {
			isa = PBXNativeTarget;
			buildConfigurationList = 605698F72B01310E0072FD74 /* Build configuration list for PBXNativeTarget "mineUITests" */;
			buildPhases = (
				605698E32B01310E0072FD74 /* Sources */,
				605698E42B01310E0072FD74 /* Frameworks */,
				605698E52B01310E0072FD74 /* Resources */,
			);
			buildRules = (
			);
			dependencies = (
				605698E92B01310E0072FD74 /* PBXTargetDependency */,
			);
			name = mineUITests;
			productName = mineUITests;
			productReference = 605698E72B01310E0072FD74 /* mineUITests.xctest */;
			productType = "com.apple.product-type.bundle.ui-testing";
		};
/* End PBXNativeTarget section */

/* Begin PBXProject section */
		605698C52B01310D0072FD74 /* Project object */ = {
			isa = PBXProject;
			attributes = {
				BuildIndependentTargetsInParallel = 1;
				LastSwiftUpdateCheck = 1500;
				LastUpgradeCheck = 1500;
				TargetAttributes = {
					605698CC2B01310D0072FD74 = {
						CreatedOnToolsVersion = 15.0;
					};
					605698DC2B01310E0072FD74 = {
						CreatedOnToolsVersion = 15.0;
						TestTargetID = 605698CC2B01310D0072FD74;
					};
					605698E62B01310E0072FD74 = {
						CreatedOnToolsVersion = 15.0;
						TestTargetID = 605698CC2B01310D0072FD74;
					};
				};
			};
			buildConfigurationList = 605698C82B01310D0072FD74 /* Build configuration list for PBXProject "mine" */;
			compatibilityVersion = "Xcode 14.0";
			developmentRegion = en;
			hasScannedForEncodings = 0;
			knownRegions = (
				en,
				Base,
			);
			mainGroup = 605698C42B01310D0072FD74;
			productRefGroup = 605698CE2B01310D0072FD74 /* Products */;
			projectDirPath = "";
			projectRoot = "";
			targets = (
				605698CC2B01310D0072FD74 /* mine */,
				605698DC2B01310E0072FD74 /* mineTests */,
				605698E62B01310E0072FD74 /* mineUITests */,
			);
		};
/* End PBXProject section */

/* Begin PBXResourcesBuildPhase section */
		605698CB2B01310D0072FD74 /* Resources */ = {
			isa = PBXResourcesBuildPhase;
			buildActionMask = 2147483647;
			files = (
				605698D82B01310E0072FD74 /* Preview Assets.xcassets in Resources */,
				605698D52B01310E0072FD74 /* Assets.xcassets in Resources */,
				600BC9DD2B330B2000370AA5 /* icon.png in Resources */,
				60BA56672B13810200B477E4 /* Luminari.ttf in Resources */,
			);
			runOnlyForDeploymentPostprocessing = 0;
		};
		605698DB2B01310E0072FD74 /* Resources */ = {
			isa = PBXResourcesBuildPhase;
			buildActionMask = 2147483647;
			files = (
				60BA56682B13810200B477E4 /* Luminari.ttf in Resources */,
			);
			runOnlyForDeploymentPostprocessing = 0;
		};
		605698E52B01310E0072FD74 /* Resources */ = {
			isa = PBXResourcesBuildPhase;
			buildActionMask = 2147483647;
			files = (
				60BA56692B13810200B477E4 /* Luminari.ttf in Resources */,
			);
			runOnlyForDeploymentPostprocessing = 0;
		};
/* End PBXResourcesBuildPhase section */

/* Begin PBXSourcesBuildPhase section */
		605698C92B01310D0072FD74 /* Sources */ = {
			isa = PBXSourcesBuildPhase;
			buildActionMask = 2147483647;
			files = (
				6084F5C72B33399600868801 /* UserSettingView.swift in Sources */,
				60BA56452B131F9E00B477E4 /* GameInfo.swift in Sources */,
				605698D32B01310D0072FD74 /* ContentView.swift in Sources */,
				60BA56532B132C0800B477E4 /* EventView.swift in Sources */,
				60BA56492B1327AC00B477E4 /* CellView.swift in Sources */,
				60EADE002B32C64000425D35 /* NewSpaceView.swift in Sources */,
				60BA56572B13622D00B477E4 /* PlayerSettingView.swift in Sources */,
				60BA564F2B132BD700B477E4 /* SettingView.swift in Sources */,
				6084F5C32B3331BC00868801 /* Records.swift in Sources */,
				6084F5C52B3333E100868801 /* RecordView.swift in Sources */,
				60BA56552B13431900B477E4 /* MapSettingView.swift in Sources */,
				60BA56512B132BF500B477E4 /* GameView.swift in Sources */,
				60BA56432B131DC500B477E4 /* MapView.swift in Sources */,
				60F42B092B1758B4000C0C71 /* MyBackButton.swift in Sources */,
				60BA56592B1364D000B477E4 /* ViewSettingView.swift in Sources */,
				60BA564D2B132BAF00B477E4 /* ActionBarView.swift in Sources */,
				604FE4E32B16106900D44615 /* RegtangleSliderView.swift in Sources */,
				60F42B0B2B175FE8000C0C71 /* HelpView.swift in Sources */,
				605698D12B01310D0072FD74 /* mineApp.swift in Sources */,
				60BA564B2B1328FA00B477E4 /* StartView.swift in Sources */,
			);
			runOnlyForDeploymentPostprocessing = 0;
		};
		605698D92B01310E0072FD74 /* Sources */ = {
			isa = PBXSourcesBuildPhase;
			buildActionMask = 2147483647;
			files = (
				605698E22B01310E0072FD74 /* mineTests.swift in Sources */,
			);
			runOnlyForDeploymentPostprocessing = 0;
		};
		605698E32B01310E0072FD74 /* Sources */ = {
			isa = PBXSourcesBuildPhase;
			buildActionMask = 2147483647;
			files = (
				605698EC2B01310E0072FD74 /* mineUITests.swift in Sources */,
				605698EE2B01310E0072FD74 /* mineUITestsLaunchTests.swift in Sources */,
			);
			runOnlyForDeploymentPostprocessing = 0;
		};
/* End PBXSourcesBuildPhase section */

/* Begin PBXTargetDependency section */
		605698DF2B01310E0072FD74 /* PBXTargetDependency */ = {
			isa = PBXTargetDependency;
			target = 605698CC2B01310D0072FD74 /* mine */;
			targetProxy = 605698DE2B01310E0072FD74 /* PBXContainerItemProxy */;
		};
		605698E92B01310E0072FD74 /* PBXTargetDependency */ = {
			isa = PBXTargetDependency;
			target = 605698CC2B01310D0072FD74 /* mine */;
			targetProxy = 605698E82B01310E0072FD74 /* PBXContainerItemProxy */;
		};
/* End PBXTargetDependency section */

/* Begin XCBuildConfiguration section */
		605698EF2B01310E0072FD74 /* Debug */ = {
			isa = XCBuildConfiguration;
			buildSettings = {
				ALWAYS_SEARCH_USER_PATHS = NO;
				ASSETCATALOG_COMPILER_GENERATE_SWIFT_ASSET_SYMBOL_EXTENSIONS = YES;
				CLANG_ANALYZER_NONNULL = YES;
				CLANG_ANALYZER_NUMBER_OBJECT_CONVERSION = YES_AGGRESSIVE;
				CLANG_CXX_LANGUAGE_STANDARD = "gnu++20";
				CLANG_ENABLE_MODULES = YES;
				CLANG_ENABLE_OBJC_ARC = YES;
				CLANG_ENABLE_OBJC_WEAK = YES;
				CLANG_WARN_BLOCK_CAPTURE_AUTORELEASING = YES;
				CLANG_WARN_BOOL_CONVERSION = YES;
				CLANG_WARN_COMMA = YES;
				CLANG_WARN_CONSTANT_CONVERSION = YES;
				CLANG_WARN_DEPRECATED_OBJC_IMPLEMENTATIONS = YES;
				CLANG_WARN_DIRECT_OBJC_ISA_USAGE = YES_ERROR;
				CLANG_WARN_DOCUMENTATION_COMMENTS = YES;
				CLANG_WARN_EMPTY_BODY = YES;
				CLANG_WARN_ENUM_CONVERSION = YES;
				CLANG_WARN_INFINITE_RECURSION = YES;
				CLANG_WARN_INT_CONVERSION = YES;
				CLANG_WARN_NON_LITERAL_NULL_CONVERSION = YES;
				CLANG_WARN_OBJC_IMPLICIT_RETAIN_SELF = YES;
				CLANG_WARN_OBJC_LITERAL_CONVERSION = YES;
				CLANG_WARN_OBJC_ROOT_CLASS = YES_ERROR;
				CLANG_WARN_QUOTED_INCLUDE_IN_FRAMEWORK_HEADER = YES;
				CLANG_WARN_RANGE_LOOP_ANALYSIS = YES;
				CLANG_WARN_STRICT_PROTOTYPES = YES;
				CLANG_WARN_SUSPICIOUS_MOVE = YES;
				CLANG_WARN_UNGUARDED_AVAILABILITY = YES_AGGRESSIVE;
				CLANG_WARN_UNREACHABLE_CODE = YES;
				CLANG_WARN__DUPLICATE_METHOD_MATCH = YES;
				COPY_PHASE_STRIP = NO;
				DEBUG_INFORMATION_FORMAT = dwarf;
				ENABLE_STRICT_OBJC_MSGSEND = YES;
				ENABLE_TESTABILITY = YES;
				ENABLE_USER_SCRIPT_SANDBOXING = YES;
				GCC_C_LANGUAGE_STANDARD = gnu17;
				GCC_DYNAMIC_NO_PIC = NO;
				GCC_NO_COMMON_BLOCKS = YES;
				GCC_OPTIMIZATION_LEVEL = 0;
				GCC_PREPROCESSOR_DEFINITIONS = (
					"DEBUG=1",
					"$(inherited)",
				);
				GCC_WARN_64_TO_32_BIT_CONVERSION = YES;
				GCC_WARN_ABOUT_RETURN_TYPE = YES_ERROR;
				GCC_WARN_UNDECLARED_SELECTOR = YES;
				GCC_WARN_UNINITIALIZED_AUTOS = YES_AGGRESSIVE;
				GCC_WARN_UNUSED_FUNCTION = YES;
				GCC_WARN_UNUSED_VARIABLE = YES;
				IPHONEOS_DEPLOYMENT_TARGET = 17.0;
				LOCALIZATION_PREFERS_STRING_CATALOGS = YES;
				MTL_ENABLE_DEBUG_INFO = INCLUDE_SOURCE;
				MTL_FAST_MATH = YES;
				ONLY_ACTIVE_ARCH = YES;
				SDKROOT = iphoneos;
				SWIFT_ACTIVE_COMPILATION_CONDITIONS = "DEBUG $(inherited)";
				SWIFT_OPTIMIZATION_LEVEL = "-Onone";
			};
			name = Debug;
		};
		605698F02B01310E0072FD74 /* Release */ = {
			isa = XCBuildConfiguration;
			buildSettings = {
				ALWAYS_SEARCH_USER_PATHS = NO;
				ASSETCATALOG_COMPILER_GENERATE_SWIFT_ASSET_SYMBOL_EXTENSIONS = YES;
				CLANG_ANALYZER_NONNULL = YES;
				CLANG_ANALYZER_NUMBER_OBJECT_CONVERSION = YES_AGGRESSIVE;
				CLANG_CXX_LANGUAGE_STANDARD = "gnu++20";
				CLANG_ENABLE_MODULES = YES;
				CLANG_ENABLE_OBJC_ARC = YES;
				CLANG_ENABLE_OBJC_WEAK = YES;
				CLANG_WARN_BLOCK_CAPTURE_AUTORELEASING = YES;
				CLANG_WARN_BOOL_CONVERSION = YES;
				CLANG_WARN_COMMA = YES;
				CLANG_WARN_CONSTANT_CONVERSION = YES;
				CLANG_WARN_DEPRECATED_OBJC_IMPLEMENTATIONS = YES;
				CLANG_WARN_DIRECT_OBJC_ISA_USAGE = YES_ERROR;
				CLANG_WARN_DOCUMENTATION_COMMENTS = YES;
				CLANG_WARN_EMPTY_BODY = YES;
				CLANG_WARN_ENUM_CONVERSION = YES;
				CLANG_WARN_INFINITE_RECURSION = YES;
				CLANG_WARN_INT_CONVERSION = YES;
				CLANG_WARN_NON_LITERAL_NULL_CONVERSION = YES;
				CLANG_WARN_OBJC_IMPLICIT_RETAIN_SELF = YES;
				CLANG_WARN_OBJC_LITERAL_CONVERSION = YES;
				CLANG_WARN_OBJC_ROOT_CLASS = YES_ERROR;
				CLANG_WARN_QUOTED_INCLUDE_IN_FRAMEWORK_HEADER = YES;
				CLANG_WARN_RANGE_LOOP_ANALYSIS = YES;
				CLANG_WARN_STRICT_PROTOTYPES = YES;
				CLANG_WARN_SUSPICIOUS_MOVE = YES;
				CLANG_WARN_UNGUARDED_AVAILABILITY = YES_AGGRESSIVE;
				CLANG_WARN_UNREACHABLE_CODE = YES;
				CLANG_WARN__DUPLICATE_METHOD_MATCH = YES;
				COPY_PHASE_STRIP = NO;
				DEBUG_INFORMATION_FORMAT = "dwarf-with-dsym";
				ENABLE_NS_ASSERTIONS = NO;
				ENABLE_STRICT_OBJC_MSGSEND = YES;
				ENABLE_USER_SCRIPT_SANDBOXING = YES;
				GCC_C_LANGUAGE_STANDARD = gnu17;
				GCC_NO_COMMON_BLOCKS = YES;
				GCC_WARN_64_TO_32_BIT_CONVERSION = YES;
				GCC_WARN_ABOUT_RETURN_TYPE = YES_ERROR;
				GCC_WARN_UNDECLARED_SELECTOR = YES;
				GCC_WARN_UNINITIALIZED_AUTOS = YES_AGGRESSIVE;
				GCC_WARN_UNUSED_FUNCTION = YES;
				GCC_WARN_UNUSED_VARIABLE = YES;
				IPHONEOS_DEPLOYMENT_TARGET = 17.0;
				LOCALIZATION_PREFERS_STRING_CATALOGS = YES;
				MTL_ENABLE_DEBUG_INFO = NO;
				MTL_FAST_MATH = YES;
				SDKROOT = iphoneos;
				SWIFT_COMPILATION_MODE = wholemodule;
				VALIDATE_PRODUCT = YES;
			};
			name = Release;
		};
		605698F22B01310E0072FD74 /* Debug */ = {
			isa = XCBuildConfiguration;
			buildSettings = {
				ASSETCATALOG_COMPILER_APPICON_NAME = AppIcon;
				ASSETCATALOG_COMPILER_GLOBAL_ACCENT_COLOR_NAME = AccentColor;
				CODE_SIGN_STYLE = Automatic;
				CURRENT_PROJECT_VERSION = 1;
				DEVELOPMENT_ASSET_PATHS = "\"mine/Preview Content\"";
				ENABLE_PREVIEWS = YES;
				GENERATE_INFOPLIST_FILE = YES;
				INFOPLIST_FILE = mine/Info.plist;
				INFOPLIST_KEY_UIApplicationSceneManifest_Generation = YES;
				INFOPLIST_KEY_UIApplicationSupportsIndirectInputEvents = YES;
				INFOPLIST_KEY_UILaunchScreen_Generation = YES;
				INFOPLIST_KEY_UISupportedInterfaceOrientations_iPad = "UIInterfaceOrientationPortrait UIInterfaceOrientationPortraitUpsideDown UIInterfaceOrientationLandscapeLeft UIInterfaceOrientationLandscapeRight";
				LD_RUNPATH_SEARCH_PATHS = (
					"$(inherited)",
					"@executable_path/Frameworks",
				);
				MARKETING_VERSION = 1.0;
				PRODUCT_BUNDLE_IDENTIFIER = Alkaid.mine;
				PRODUCT_NAME = "$(TARGET_NAME)";
				SWIFT_EMIT_LOC_STRINGS = YES;
				SWIFT_VERSION = 5.0;
				TARGETED_DEVICE_FAMILY = "1,2";
			};
			name = Debug;
		};
		605698F32B01310E0072FD74 /* Release */ = {
			isa = XCBuildConfiguration;
			buildSettings = {
				ASSETCATALOG_COMPILER_APPICON_NAME = AppIcon;
				ASSETCATALOG_COMPILER_GLOBAL_ACCENT_COLOR_NAME = AccentColor;
				CODE_SIGN_STYLE = Automatic;
				CURRENT_PROJECT_VERSION = 1;
				DEVELOPMENT_ASSET_PATHS = "\"mine/Preview Content\"";
				ENABLE_PREVIEWS = YES;
				GENERATE_INFOPLIST_FILE = YES;
				INFOPLIST_FILE = mine/Info.plist;
				INFOPLIST_KEY_UIApplicationSceneManifest_Generation = YES;
				INFOPLIST_KEY_UIApplicationSupportsIndirectInputEvents = YES;
				INFOPLIST_KEY_UILaunchScreen_Generation = YES;
				INFOPLIST_KEY_UISupportedInterfaceOrientations_iPad = "UIInterfaceOrientationPortrait UIInterfaceOrientationPortraitUpsideDown UIInterfaceOrientationLandscapeLeft UIInterfaceOrientationLandscapeRight";
				LD_RUNPATH_SEARCH_PATHS = (
					"$(inherited)",
					"@executable_path/Frameworks",
				);
				MARKETING_VERSION = 1.0;
				PRODUCT_BUNDLE_IDENTIFIER = Alkaid.mine;
				PRODUCT_NAME = "$(TARGET_NAME)";
				SWIFT_EMIT_LOC_STRINGS = YES;
				SWIFT_VERSION = 5.0;
				TARGETED_DEVICE_FAMILY = "1,2";
			};
			name = Release;
		};
		605698F52B01310E0072FD74 /* Debug */ = {
			isa = XCBuildConfiguration;
			buildSettings = {
				ALWAYS_EMBED_SWIFT_STANDARD_LIBRARIES = YES;
				BUNDLE_LOADER = "$(TEST_HOST)";
				CODE_SIGN_STYLE = Automatic;
				CURRENT_PROJECT_VERSION = 1;
				GENERATE_INFOPLIST_FILE = YES;
				IPHONEOS_DEPLOYMENT_TARGET = 17.0;
				MARKETING_VERSION = 1.0;
				PRODUCT_BUNDLE_IDENTIFIER = Alkaid.mineTests;
				PRODUCT_NAME = "$(TARGET_NAME)";
				SWIFT_EMIT_LOC_STRINGS = NO;
				SWIFT_VERSION = 5.0;
				TARGETED_DEVICE_FAMILY = "1,2";
				TEST_HOST = "$(BUILT_PRODUCTS_DIR)/mine.app/$(BUNDLE_EXECUTABLE_FOLDER_PATH)/mine";
			};
			name = Debug;
		};
		605698F62B01310E0072FD74 /* Release */ = {
			isa = XCBuildConfiguration;
			buildSettings = {
				ALWAYS_EMBED_SWIFT_STANDARD_LIBRARIES = YES;
				BUNDLE_LOADER = "$(TEST_HOST)";
				CODE_SIGN_STYLE = Automatic;
				CURRENT_PROJECT_VERSION = 1;
				GENERATE_INFOPLIST_FILE = YES;
				IPHONEOS_DEPLOYMENT_TARGET = 17.0;
				MARKETING_VERSION = 1.0;
				PRODUCT_BUNDLE_IDENTIFIER = Alkaid.mineTests;
				PRODUCT_NAME = "$(TARGET_NAME)";
				SWIFT_EMIT_LOC_STRINGS = NO;
				SWIFT_VERSION = 5.0;
				TARGETED_DEVICE_FAMILY = "1,2";
				TEST_HOST = "$(BUILT_PRODUCTS_DIR)/mine.app/$(BUNDLE_EXECUTABLE_FOLDER_PATH)/mine";
			};
			name = Release;
		};
		605698F82B01310E0072FD74 /* Debug */ = {
			isa = XCBuildConfiguration;
			buildSettings = {
				ALWAYS_EMBED_SWIFT_STANDARD_LIBRARIES = YES;
				CODE_SIGN_STYLE = Automatic;
				CURRENT_PROJECT_VERSION = 1;
				GENERATE_INFOPLIST_FILE = YES;
				MARKETING_VERSION = 1.0;
				PRODUCT_BUNDLE_IDENTIFIER = Alkaid.mineUITests;
				PRODUCT_NAME = "$(TARGET_NAME)";
				SWIFT_EMIT_LOC_STRINGS = NO;
				SWIFT_VERSION = 5.0;
				TARGETED_DEVICE_FAMILY = "1,2";
				TEST_TARGET_NAME = mine;
			};
			name = Debug;
		};
		605698F92B01310E0072FD74 /* Release */ = {
			isa = XCBuildConfiguration;
			buildSettings = {
				ALWAYS_EMBED_SWIFT_STANDARD_LIBRARIES = YES;
				CODE_SIGN_STYLE = Automatic;
				CURRENT_PROJECT_VERSION = 1;
				GENERATE_INFOPLIST_FILE = YES;
				MARKETING_VERSION = 1.0;
				PRODUCT_BUNDLE_IDENTIFIER = Alkaid.mineUITests;
				PRODUCT_NAME = "$(TARGET_NAME)";
				SWIFT_EMIT_LOC_STRINGS = NO;
				SWIFT_VERSION = 5.0;
				TARGETED_DEVICE_FAMILY = "1,2";
				TEST_TARGET_NAME = mine;
			};
			name = Release;
		};
/* End XCBuildConfiguration section */

/* Begin XCConfigurationList section */
		605698C82B01310D0072FD74 /* Build configuration list for PBXProject "mine" */ = {
			isa = XCConfigurationList;
			buildConfigurations = (
				605698EF2B01310E0072FD74 /* Debug */,
				605698F02B01310E0072FD74 /* Release */,
			);
			defaultConfigurationIsVisible = 0;
			defaultConfigurationName = Release;
		};
		605698F12B01310E0072FD74 /* Build configuration list for PBXNativeTarget "mine" */ = {
			isa = XCConfigurationList;
			buildConfigurations = (
				605698F22B01310E0072FD74 /* Debug */,
				605698F32B01310E0072FD74 /* Release */,
			);
			defaultConfigurationIsVisible = 0;
			defaultConfigurationName = Release;
		};
		605698F42B01310E0072FD74 /* Build configuration list for PBXNativeTarget "mineTests" */ = {
			isa = XCConfigurationList;
			buildConfigurations = (
				605698F52B01310E0072FD74 /* Debug */,
				605698F62B01310E0072FD74 /* Release */,
			);
			defaultConfigurationIsVisible = 0;
			defaultConfigurationName = Release;
		};
		605698F72B01310E0072FD74 /* Build configuration list for PBXNativeTarget "mineUITests" */ = {
			isa = XCConfigurationList;
			buildConfigurations = (
				605698F82B01310E0072FD74 /* Debug */,
				605698F92B01310E0072FD74 /* Release */,
			);
			defaultConfigurationIsVisible = 0;
			defaultConfigurationName = Release;
		};
/* End XCConfigurationList section */
	};
	rootObject = 605698C52B01310D0072FD74 /* Project object */;
}
